// !$*UTF8*$!
{
	archiveVersion = 1;
	classes = {
	};
	objectVersion = 46;
	objects = {

/* Begin PBXBuildFile section */
		844CA48418CEEE350001CCC4 /* shake.gif in Resources */ = {isa = PBXBuildFile; fileRef = 844CA48318CEEE350001CCC4 /* shake.gif */; };
		844CA48818CEF25E0001CCC4 /* UIView+View.m in Sources */ = {isa = PBXBuildFile; fileRef = 844CA48718CEF25E0001CCC4 /* UIView+View.m */; };
		84D149FA187AB63700579726 /* Foundation.framework in Frameworks */ = {isa = PBXBuildFile; fileRef = 84D149F9187AB63700579726 /* Foundation.framework */; };
		84D149FC187AB63700579726 /* CoreGraphics.framework in Frameworks */ = {isa = PBXBuildFile; fileRef = 84D149FB187AB63700579726 /* CoreGraphics.framework */; };
		84D149FE187AB63700579726 /* UIKit.framework in Frameworks */ = {isa = PBXBuildFile; fileRef = 84D149FD187AB63700579726 /* UIKit.framework */; };
		84D14A04187AB63700579726 /* InfoPlist.strings in Resources */ = {isa = PBXBuildFile; fileRef = 84D14A02187AB63700579726 /* InfoPlist.strings */; };
		84D14A06187AB63700579726 /* main.m in Sources */ = {isa = PBXBuildFile; fileRef = 84D14A05187AB63700579726 /* main.m */; };
		84D14A0A187AB63700579726 /* SARAppDelegate.m in Sources */ = {isa = PBXBuildFile; fileRef = 84D14A09187AB63700579726 /* SARAppDelegate.m */; };
		84D14A0D187AB63700579726 /* Main_iPhone.storyboard in Resources */ = {isa = PBXBuildFile; fileRef = 84D14A0B187AB63700579726 /* Main_iPhone.storyboard */; };
		84D14A10187AB63700579726 /* Main_iPad.storyboard in Resources */ = {isa = PBXBuildFile; fileRef = 84D14A0E187AB63700579726 /* Main_iPad.storyboard */; };
		84D14A13187AB63700579726 /* SARViewController.m in Sources */ = {isa = PBXBuildFile; fileRef = 84D14A12187AB63700579726 /* SARViewController.m */; };
		84D14A15187AB63700579726 /* Images.xcassets in Resources */ = {isa = PBXBuildFile; fileRef = 84D14A14187AB63700579726 /* Images.xcassets */; };
		84D14A1C187AB63700579726 /* XCTest.framework in Frameworks */ = {isa = PBXBuildFile; fileRef = 84D14A1B187AB63700579726 /* XCTest.framework */; };
		84D14A1D187AB63700579726 /* Foundation.framework in Frameworks */ = {isa = PBXBuildFile; fileRef = 84D149F9187AB63700579726 /* Foundation.framework */; };
		84D14A1E187AB63700579726 /* UIKit.framework in Frameworks */ = {isa = PBXBuildFile; fileRef = 84D149FD187AB63700579726 /* UIKit.framework */; };
		84D14A26187AB63700579726 /* InfoPlist.strings in Resources */ = {isa = PBXBuildFile; fileRef = 84D14A24187AB63700579726 /* InfoPlist.strings */; };
		84D14A28187AB63700579726 /* CategoriesTests.m in Sources */ = {isa = PBXBuildFile; fileRef = 84D14A27187AB63700579726 /* CategoriesTests.m */; };
/* End PBXBuildFile section */

/* Begin PBXContainerItemProxy section */
		84D14A1F187AB63700579726 /* PBXContainerItemProxy */ = {
			isa = PBXContainerItemProxy;
			containerPortal = 84D149EE187AB63700579726 /* Project object */;
			proxyType = 1;
			remoteGlobalIDString = 84D149F5187AB63700579726;
			remoteInfo = Categories;
		};
/* End PBXContainerItemProxy section */

/* Begin PBXFileReference section */
		844CA48318CEEE350001CCC4 /* shake.gif */ = {isa = PBXFileReference; lastKnownFileType = image.gif; path = shake.gif; sourceTree = "<group>"; };
		844CA48618CEF25E0001CCC4 /* UIView+View.h */ = {isa = PBXFileReference; fileEncoding = 4; lastKnownFileType = sourcecode.c.h; path = "UIView+View.h"; sourceTree = "<group>"; };
		844CA48718CEF25E0001CCC4 /* UIView+View.m */ = {isa = PBXFileReference; fileEncoding = 4; lastKnownFileType = sourcecode.c.objc; path = "UIView+View.m"; sourceTree = "<group>"; };
		84D149F6187AB63700579726 /* Categories.app */ = {isa = PBXFileReference; explicitFileType = wrapper.application; includeInIndex = 0; path = Categories.app; sourceTree = BUILT_PRODUCTS_DIR; };
		84D149F9187AB63700579726 /* Foundation.framework */ = {isa = PBXFileReference; lastKnownFileType = wrapper.framework; name = Foundation.framework; path = System/Library/Frameworks/Foundation.framework; sourceTree = SDKROOT; };
		84D149FB187AB63700579726 /* CoreGraphics.framework */ = {isa = PBXFileReference; lastKnownFileType = wrapper.framework; name = CoreGraphics.framework; path = System/Library/Frameworks/CoreGraphics.framework; sourceTree = SDKROOT; };
		84D149FD187AB63700579726 /* UIKit.framework */ = {isa = PBXFileReference; lastKnownFileType = wrapper.framework; name = UIKit.framework; path = System/Library/Frameworks/UIKit.framework; sourceTree = SDKROOT; };
		84D14A01187AB63700579726 /* Categories-Info.plist */ = {isa = PBXFileReference; lastKnownFileType = text.plist.xml; path = "Categories-Info.plist"; sourceTree = "<group>"; };
		84D14A03187AB63700579726 /* en */ = {isa = PBXFileReference; lastKnownFileType = text.plist.strings; name = en; path = en.lproj/InfoPlist.strings; sourceTree = "<group>"; };
		84D14A05187AB63700579726 /* main.m */ = {isa = PBXFileReference; lastKnownFileType = sourcecode.c.objc; path = main.m; sourceTree = "<group>"; };
		84D14A07187AB63700579726 /* Categories-Prefix.pch */ = {isa = PBXFileReference; lastKnownFileType = sourcecode.c.h; path = "Categories-Prefix.pch"; sourceTree = "<group>"; };
		84D14A08187AB63700579726 /* SARAppDelegate.h */ = {isa = PBXFileReference; lastKnownFileType = sourcecode.c.h; path = SARAppDelegate.h; sourceTree = "<group>"; };
		84D14A09187AB63700579726 /* SARAppDelegate.m */ = {isa = PBXFileReference; lastKnownFileType = sourcecode.c.objc; path = SARAppDelegate.m; sourceTree = "<group>"; };
		84D14A0C187AB63700579726 /* Base */ = {isa = PBXFileReference; lastKnownFileType = file.storyboard; name = Base; path = Base.lproj/Main_iPhone.storyboard; sourceTree = "<group>"; };
		84D14A0F187AB63700579726 /* Base */ = {isa = PBXFileReference; lastKnownFileType = file.storyboard; name = Base; path = Base.lproj/Main_iPad.storyboard; sourceTree = "<group>"; };
		84D14A11187AB63700579726 /* SARViewController.h */ = {isa = PBXFileReference; lastKnownFileType = sourcecode.c.h; path = SARViewController.h; sourceTree = "<group>"; };
		84D14A12187AB63700579726 /* SARViewController.m */ = {isa = PBXFileReference; lastKnownFileType = sourcecode.c.objc; path = SARViewController.m; sourceTree = "<group>"; };
		84D14A14187AB63700579726 /* Images.xcassets */ = {isa = PBXFileReference; lastKnownFileType = folder.assetcatalog; path = Images.xcassets; sourceTree = "<group>"; };
		84D14A1A187AB63700579726 /* CategoriesTests.xctest */ = {isa = PBXFileReference; explicitFileType = wrapper.cfbundle; includeInIndex = 0; path = CategoriesTests.xctest; sourceTree = BUILT_PRODUCTS_DIR; };
		84D14A1B187AB63700579726 /* XCTest.framework */ = {isa = PBXFileReference; lastKnownFileType = wrapper.framework; name = XCTest.framework; path = Library/Frameworks/XCTest.framework; sourceTree = DEVELOPER_DIR; };
		84D14A23187AB63700579726 /* CategoriesTests-Info.plist */ = {isa = PBXFileReference; lastKnownFileType = text.plist.xml; path = "CategoriesTests-Info.plist"; sourceTree = "<group>"; };
		84D14A25187AB63700579726 /* en */ = {isa = PBXFileReference; lastKnownFileType = text.plist.strings; name = en; path = en.lproj/InfoPlist.strings; sourceTree = "<group>"; };
		84D14A27187AB63700579726 /* CategoriesTests.m */ = {isa = PBXFileReference; lastKnownFileType = sourcecode.c.objc; path = CategoriesTests.m; sourceTree = "<group>"; };
/* End PBXFileReference section */

/* Begin PBXFrameworksBuildPhase section */
		84D149F3187AB63700579726 /* Frameworks */ = {
			isa = PBXFrameworksBuildPhase;
			buildActionMask = 2147483647;
			files = (
				84D149FC187AB63700579726 /* CoreGraphics.framework in Frameworks */,
				84D149FE187AB63700579726 /* UIKit.framework in Frameworks */,
				84D149FA187AB63700579726 /* Foundation.framework in Frameworks */,
			);
			runOnlyForDeploymentPostprocessing = 0;
		};
		84D14A17187AB63700579726 /* Frameworks */ = {
			isa = PBXFrameworksBuildPhase;
			buildActionMask = 2147483647;
			files = (
				84D14A1C187AB63700579726 /* XCTest.framework in Frameworks */,
				84D14A1E187AB63700579726 /* UIKit.framework in Frameworks */,
				84D14A1D187AB63700579726 /* Foundation.framework in Frameworks */,
			);
			runOnlyForDeploymentPostprocessing = 0;
		};
/* End PBXFrameworksBuildPhase section */

/* Begin PBXGroup section */
		844CA48518CEF25E0001CCC4 /* Categories */ = {
			isa = PBXGroup;
			children = (
				844CA48618CEF25E0001CCC4 /* UIView+View.h */,
				844CA48718CEF25E0001CCC4 /* UIView+View.m */,
			);
			path = Categories;
			sourceTree = "<group>";
		};
		84D149ED187AB63700579726 = {
			isa = PBXGroup;
			children = (
				84D149FF187AB63700579726 /* Categories */,
				84D14A21187AB63700579726 /* CategoriesTests */,
				84D149F8187AB63700579726 /* Frameworks */,
				84D149F7187AB63700579726 /* Products */,
			);
			sourceTree = "<group>";
		};
		84D149F7187AB63700579726 /* Products */ = {
			isa = PBXGroup;
			children = (
				84D149F6187AB63700579726 /* Categories.app */,
				84D14A1A187AB63700579726 /* CategoriesTests.xctest */,
			);
			name = Products;
			sourceTree = "<group>";
		};
		84D149F8187AB63700579726 /* Frameworks */ = {
			isa = PBXGroup;
			children = (
				84D149F9187AB63700579726 /* Foundation.framework */,
				84D149FB187AB63700579726 /* CoreGraphics.framework */,
				84D149FD187AB63700579726 /* UIKit.framework */,
				84D14A1B187AB63700579726 /* XCTest.framework */,
			);
			name = Frameworks;
			sourceTree = "<group>";
		};
		84D149FF187AB63700579726 /* Categories */ = {
			isa = PBXGroup;
			children = (
				84D14A32187AB66C00579726 /* My Categories */,
				84D14A08187AB63700579726 /* SARAppDelegate.h */,
				84D14A09187AB63700579726 /* SARAppDelegate.m */,
				84D14A0B187AB63700579726 /* Main_iPhone.storyboard */,
				84D14A0E187AB63700579726 /* Main_iPad.storyboard */,
				84D14A11187AB63700579726 /* SARViewController.h */,
				84D14A12187AB63700579726 /* SARViewController.m */,
				84D14A14187AB63700579726 /* Images.xcassets */,
				84D14A00187AB63700579726 /* Supporting Files */,
			);
			path = Categories;
			sourceTree = "<group>";
		};
		84D14A00187AB63700579726 /* Supporting Files */ = {
			isa = PBXGroup;
			children = (
				84D14A01187AB63700579726 /* Categories-Info.plist */,
				84D14A02187AB63700579726 /* InfoPlist.strings */,
				84D14A05187AB63700579726 /* main.m */,
				84D14A07187AB63700579726 /* Categories-Prefix.pch */,
			);
			name = "Supporting Files";
			sourceTree = "<group>";
		};
		84D14A21187AB63700579726 /* CategoriesTests */ = {
			isa = PBXGroup;
			children = (
				84D14A27187AB63700579726 /* CategoriesTests.m */,
				84D14A22187AB63700579726 /* Supporting Files */,
			);
			path = CategoriesTests;
			sourceTree = "<group>";
		};
		84D14A22187AB63700579726 /* Supporting Files */ = {
			isa = PBXGroup;
			children = (
				84D14A23187AB63700579726 /* CategoriesTests-Info.plist */,
				84D14A24187AB63700579726 /* InfoPlist.strings */,
			);
			name = "Supporting Files";
			sourceTree = "<group>";
		};
		84D14A32187AB66C00579726 /* My Categories */ = {
			isa = PBXGroup;
			children = (
				844CA48518CEF25E0001CCC4 /* Categories */,
				844CA48318CEEE350001CCC4 /* shake.gif */,
			);
			path = "My Categories";
			sourceTree = "<group>";
		};
/* End PBXGroup section */

/* Begin PBXNativeTarget section */
		84D149F5187AB63700579726 /* Categories */ = {
			isa = PBXNativeTarget;
			buildConfigurationList = 84D14A2B187AB63700579726 /* Build configuration list for PBXNativeTarget "Categories" */;
			buildPhases = (
				84D149F2187AB63700579726 /* Sources */,
				84D149F3187AB63700579726 /* Frameworks */,
				84D149F4187AB63700579726 /* Resources */,
			);
			buildRules = (
			);
			dependencies = (
			);
			name = Categories;
			productName = Categories;
			productReference = 84D149F6187AB63700579726 /* Categories.app */;
			productType = "com.apple.product-type.application";
		};
		84D14A19187AB63700579726 /* CategoriesTests */ = {
			isa = PBXNativeTarget;
			buildConfigurationList = 84D14A2E187AB63700579726 /* Build configuration list for PBXNativeTarget "CategoriesTests" */;
			buildPhases = (
				84D14A16187AB63700579726 /* Sources */,
				84D14A17187AB63700579726 /* Frameworks */,
				84D14A18187AB63700579726 /* Resources */,
			);
			buildRules = (
			);
			dependencies = (
				84D14A20187AB63700579726 /* PBXTargetDependency */,
			);
			name = CategoriesTests;
			productName = CategoriesTests;
			productReference = 84D14A1A187AB63700579726 /* CategoriesTests.xctest */;
			productType = "com.apple.product-type.bundle.unit-test";
		};
/* End PBXNativeTarget section */

/* Begin PBXProject section */
		84D149EE187AB63700579726 /* Project object */ = {
			isa = PBXProject;
			attributes = {
				CLASSPREFIX = SAR;
				LastUpgradeCheck = 0500;
				ORGANIZATIONNAME = Saravanan;
				TargetAttributes = {
					84D14A19187AB63700579726 = {
						TestTargetID = 84D149F5187AB63700579726;
					};
				};
			};
			buildConfigurationList = 84D149F1187AB63700579726 /* Build configuration list for PBXProject "Categories" */;
			compatibilityVersion = "Xcode 3.2";
			developmentRegion = English;
			hasScannedForEncodings = 0;
			knownRegions = (
				en,
				Base,
			);
			mainGroup = 84D149ED187AB63700579726;
			productRefGroup = 84D149F7187AB63700579726 /* Products */;
			projectDirPath = "";
			projectRoot = "";
			targets = (
				84D149F5187AB63700579726 /* Categories */,
				84D14A19187AB63700579726 /* CategoriesTests */,
			);
		};
/* End PBXProject section */

/* Begin PBXResourcesBuildPhase section */
		84D149F4187AB63700579726 /* Resources */ = {
			isa = PBXResourcesBuildPhase;
			buildActionMask = 2147483647;
			files = (
				84D14A10187AB63700579726 /* Main_iPad.storyboard in Resources */,
				844CA48418CEEE350001CCC4 /* shake.gif in Resources */,
				84D14A15187AB63700579726 /* Images.xcassets in Resources */,
				84D14A0D187AB63700579726 /* Main_iPhone.storyboard in Resources */,
				84D14A04187AB63700579726 /* InfoPlist.strings in Resources */,
			);
			runOnlyForDeploymentPostprocessing = 0;
		};
		84D14A18187AB63700579726 /* Resources */ = {
			isa = PBXResourcesBuildPhase;
			buildActionMask = 2147483647;
			files = (
				84D14A26187AB63700579726 /* InfoPlist.strings in Resources */,
			);
			runOnlyForDeploymentPostprocessing = 0;
		};
/* End PBXResourcesBuildPhase section */

/* Begin PBXSourcesBuildPhase section */
		84D149F2187AB63700579726 /* Sources */ = {
			isa = PBXSourcesBuildPhase;
			buildActionMask = 2147483647;
			files = (
				84D14A06187AB63700579726 /* main.m in Sources */,
				84D14A13187AB63700579726 /* SARViewController.m in Sources */,
				84D14A0A187AB63700579726 /* SARAppDelegate.m in Sources */,
				844CA48818CEF25E0001CCC4 /* UIView+View.m in Sources */,
			);
			runOnlyForDeploymentPostprocessing = 0;
		};
		84D14A16187AB63700579726 /* Sources */ = {
			isa = PBXSourcesBuildPhase;
			buildActionMask = 2147483647;
			files = (
				84D14A28187AB63700579726 /* CategoriesTests.m in Sources */,
			);
			runOnlyForDeploymentPostprocessing = 0;
		};
/* End PBXSourcesBuildPhase section */

/* Begin PBXTargetDependency section */
		84D14A20187AB63700579726 /* PBXTargetDependency */ = {
			isa = PBXTargetDependency;
			target = 84D149F5187AB63700579726 /* Categories */;
			targetProxy = 84D14A1F187AB63700579726 /* PBXContainerItemProxy */;
		};
/* End PBXTargetDependency section */

/* Begin PBXVariantGroup section */
		84D14A02187AB63700579726 /* InfoPlist.strings */ = {
			isa = PBXVariantGroup;
			children = (
				84D14A03187AB63700579726 /* en */,
			);
			name = InfoPlist.strings;
			sourceTree = "<group>";
		};
		84D14A0B187AB63700579726 /* Main_iPhone.storyboard */ = {
			isa = PBXVariantGroup;
			children = (
				84D14A0C187AB63700579726 /* Base */,
			);
			name = Main_iPhone.storyboard;
			sourceTree = "<group>";
		};
		84D14A0E187AB63700579726 /* Main_iPad.storyboard */ = {
			isa = PBXVariantGroup;
			children = (
				84D14A0F187AB63700579726 /* Base */,
			);
			name = Main_iPad.storyboard;
			sourceTree = "<group>";
		};
		84D14A24187AB63700579726 /* InfoPlist.strings */ = {
			isa = PBXVariantGroup;
			children = (
				84D14A25187AB63700579726 /* en */,
			);
			name = InfoPlist.strings;
			sourceTree = "<group>";
		};
/* End PBXVariantGroup section */

/* Begin XCBuildConfiguration section */
		84D14A29187AB63700579726 /* Debug */ = {
			isa = XCBuildConfiguration;
			buildSettings = {
				ALWAYS_SEARCH_USER_PATHS = NO;
				ARCHS = "$(ARCHS_STANDARD_INCLUDING_64_BIT)";
				CLANG_CXX_LANGUAGE_STANDARD = "gnu++0x";
				CLANG_CXX_LIBRARY = "libc++";
				CLANG_ENABLE_MODULES = YES;
				CLANG_ENABLE_OBJC_ARC = YES;
				CLANG_WARN_BOOL_CONVERSION = YES;
				CLANG_WARN_CONSTANT_CONVERSION = YES;
				CLANG_WARN_DIRECT_OBJC_ISA_USAGE = YES_ERROR;
				CLANG_WARN_EMPTY_BODY = YES;
				CLANG_WARN_ENUM_CONVERSION = YES;
				CLANG_WARN_INT_CONVERSION = YES;
				CLANG_WARN_OBJC_ROOT_CLASS = YES_ERROR;
				CLANG_WARN__DUPLICATE_METHOD_MATCH = YES;
				"CODE_SIGN_IDENTITY[sdk=iphoneos*]" = "iPhone Developer";
				COPY_PHASE_STRIP = NO;
				GCC_C_LANGUAGE_STANDARD = gnu99;
				GCC_DYNAMIC_NO_PIC = NO;
				GCC_OPTIMIZATION_LEVEL = 0;
				GCC_PREPROCESSOR_DEFINITIONS = (
					"DEBUG=1",
					"$(inherited)",
				);
				GCC_SYMBOLS_PRIVATE_EXTERN = NO;
				GCC_WARN_64_TO_32_BIT_CONVERSION = YES;
				GCC_WARN_ABOUT_RETURN_TYPE = YES_ERROR;
				GCC_WARN_UNDECLARED_SELECTOR = YES;
				GCC_WARN_UNINITIALIZED_AUTOS = YES;
				GCC_WARN_UNUSED_FUNCTION = YES;
				GCC_WARN_UNUSED_VARIABLE = YES;
				IPHONEOS_DEPLOYMENT_TARGET = 7.0;
				ONLY_ACTIVE_ARCH = YES;
				SDKROOT = iphoneos;
				TARGETED_DEVICE_FAMILY = "1,2";
			};
			name = Debug;
		};
		84D14A2A187AB63700579726 /* Release */ = {
			isa = XCBuildConfiguration;
			buildSettings = {
				ALWAYS_SEARCH_USER_PATHS = NO;
				ARCHS = "$(ARCHS_STANDARD_INCLUDING_64_BIT)";
				CLANG_CXX_LANGUAGE_STANDARD = "gnu++0x";
				CLANG_CXX_LIBRARY = "libc++";
				CLANG_ENABLE_MODULES = YES;
				CLANG_ENABLE_OBJC_ARC = YES;
				CLANG_WARN_BOOL_CONVERSION = YES;
				CLANG_WARN_CONSTANT_CONVERSION = YES;
				CLANG_WARN_DIRECT_OBJC_ISA_USAGE = YES_ERROR;
				CLANG_WARN_EMPTY_BODY = YES;
				CLANG_WARN_ENUM_CONVERSION = YES;
				CLANG_WARN_INT_CONVERSION = YES;
				CLANG_WARN_OBJC_ROOT_CLASS = YES_ERROR;
				CLANG_WARN__DUPLICATE_METHOD_MATCH = YES;
				"CODE_SIGN_IDENTITY[sdk=iphoneos*]" = "iPhone Developer";
				COPY_PHASE_STRIP = YES;
				ENABLE_NS_ASSERTIONS = NO;
				GCC_C_LANGUAGE_STANDARD = gnu99;
				GCC_WARN_64_TO_32_BIT_CONVERSION = YES;
				GCC_WARN_ABOUT_RETURN_TYPE = YES_ERROR;
				GCC_WARN_UNDECLARED_SELECTOR = YES;
				GCC_WARN_UNINITIALIZED_AUTOS = YES;
				GCC_WARN_UNUSED_FUNCTION = YES;
				GCC_WARN_UNUSED_VARIABLE = YES;
				IPHONEOS_DEPLOYMENT_TARGET = 7.0;
				SDKROOT = iphoneos;
				TARGETED_DEVICE_FAMILY = "1,2";
				VALIDATE_PRODUCT = YES;
			};
			name = Release;
		};
		84D14A2C187AB63700579726 /* Debug */ = {
			isa = XCBuildConfiguration;
			buildSettings = {
				ASSETCATALOG_COMPILER_APPICON_NAME = AppIcon;
				ASSETCATALOG_COMPILER_LAUNCHIMAGE_NAME = LaunchImage;
				GCC_PRECOMPILE_PREFIX_HEADER = YES;
				GCC_PREFIX_HEADER = "Categories/Categories-Prefix.pch";
				INFOPLIST_FILE = "Categories/Categories-Info.plist";
				PRODUCT_NAME = "$(TARGET_NAME)";
				WRAPPER_EXTENSION = app;
			};
			name = Debug;
		};
		84D14A2D187AB63700579726 /* Release */ = {
			isa = XCBuildConfiguration;
			buildSettings = {
				ASSETCATALOG_COMPILER_APPICON_NAME = AppIcon;
				ASSETCATALOG_COMPILER_LAUNCHIMAGE_NAME = LaunchImage;
				GCC_PRECOMPILE_PREFIX_HEADER = YES;
				GCC_PREFIX_HEADER = "Categories/Categories-Prefix.pch";
				INFOPLIST_FILE = "Categories/Categories-Info.plist";
				PRODUCT_NAME = "$(TARGET_NAME)";
				WRAPPER_EXTENSION = app;
			};
			name = Release;
		};
		84D14A2F187AB63700579726 /* Debug */ = {
			isa = XCBuildConfiguration;
			buildSettings = {
				ARCHS = "$(ARCHS_STANDARD_INCLUDING_64_BIT)";
				BUNDLE_LOADER = "$(BUILT_PRODUCTS_DIR)/Categories.app/Categories";
				FRAMEWORK_SEARCH_PATHS = (
					"$(SDKROOT)/Developer/Library/Frameworks",
					"$(inherited)",
					"$(DEVELOPER_FRAMEWORKS_DIR)",
				);
				GCC_PRECOMPILE_PREFIX_HEADER = YES;
				GCC_PREFIX_HEADER = "Categories/Categories-Prefix.pch";
				GCC_PREPROCESSOR_DEFINITIONS = (
					"DEBUG=1",
					"$(inherited)",
				);
				INFOPLIST_FILE = "CategoriesTests/CategoriesTests-Info.plist";
				PRODUCT_NAME = "$(TARGET_NAME)";
				TEST_HOST = "$(BUNDLE_LOADER)";
				WRAPPER_EXTENSION = xctest;
			};
			name = Debug;
		};
		84D14A30187AB63700579726 /* Release */ = {
			isa = XCBuildConfiguration;
			buildSettings = {
				ARCHS = "$(ARCHS_STANDARD_INCLUDING_64_BIT)";
				BUNDLE_LOADER = "$(BUILT_PRODUCTS_DIR)/Categories.app/Categories";
				FRAMEWORK_SEARCH_PATHS = (
					"$(SDKROOT)/Developer/Library/Frameworks",
					"$(inherited)",
					"$(DEVELOPER_FRAMEWORKS_DIR)",
				);
				GCC_PRECOMPILE_PREFIX_HEADER = YES;
				GCC_PREFIX_HEADER = "Categories/Categories-Prefix.pch";
				INFOPLIST_FILE = "CategoriesTests/CategoriesTests-Info.plist";
				PRODUCT_NAME = "$(TARGET_NAME)";
				TEST_HOST = "$(BUNDLE_LOADER)";
				WRAPPER_EXTENSION = xctest;
			};
			name = Release;
		};
/* End XCBuildConfiguration section */

/* Begin XCConfigurationList section */
		84D149F1187AB63700579726 /* Build configuration list for PBXProject "Categories" */ = {
			isa = XCConfigurationList;
			buildConfigurations = (
				84D14A29187AB63700579726 /* Debug */,
				84D14A2A187AB63700579726 /* Release */,
			);
			defaultConfigurationIsVisible = 0;
			defaultConfigurationName = Release;
		};
		84D14A2B187AB63700579726 /* Build configuration list for PBXNativeTarget "Categories" */ = {
			isa = XCConfigurationList;
			buildConfigurations = (
				84D14A2C187AB63700579726 /* Debug */,
				84D14A2D187AB63700579726 /* Release */,
			);
			defaultConfigurationIsVisible = 0;
			defaultConfigurationName = Release;
		};
		84D14A2E187AB63700579726 /* Build configuration list for PBXNativeTarget "CategoriesTests" */ = {
			isa = XCConfigurationList;
			buildConfigurations = (
				84D14A2F187AB63700579726 /* Debug */,
				84D14A30187AB63700579726 /* Release */,
			);
			defaultConfigurationIsVisible = 0;
			defaultConfigurationName = Release;
		};
/* End XCConfigurationList section */
	};
	rootObject = 84D149EE187AB63700579726 /* Project object */;
}
